
Microsoft Visual Studio Solution File, Format Version 12.00
# Visual Studio Version 17
VisualStudioVersion = 17.4.33205.214
MinimumVisualStudioVersion = 10.0.40219.1
Project("{FAE04EC0-301F-11D3-BF4B-00C04F79EFBC}") = "AI reverse shell", "AI reverse shell\AI reverse shell.csproj", "{5D1E7D22-5E64-4FB9-A460-D4B05CEAE20C}"
EndProject
Global
	GlobalSection(SolutionConfigurationPlatforms) = preSolution
		Debug|Any CPU = Debug|Any CPU
		Release|Any CPU = Release|Any CPU
	EndGlobalSection
	GlobalSection(ProjectConfigurationPlatforms) = postSolution
		{5D1E7D22-5E64-4FB9-A460-D4B05CEAE20C}.Debug|Any CPU.ActiveCfg = Debug|Any CPU
		{5D1E7D22-5E64-4FB9-A460-D4B05CEAE20C}.Debug|Any CPU.Build.0 = Debug|Any CPU
		{5D1E7D22-5E64-4FB9-A460-D4B05CEAE20C}.Release|Any CPU.ActiveCfg = Release|Any CPU
		{5D1E7D22-5E64-4FB9-A460-D4B05CEAE20C}.Release|Any CPU.Build.0 = Release|Any CPU
	EndGlobalSection
	GlobalSection(SolutionProperties) = preSolution
		HideSolutionNode = FALSE
	EndGlobalSection
	GlobalSection(ExtensibilityGlobals) = postSolution
		SolutionGuid = {9D2A5C52-AD17-48C5-8E32-D8B3277D442E}
	EndGlobalSection
EndGlobal
